
Microsoft Visual Studio Solution File, Format Version 12.00
# Visual Studio Version 16
VisualStudioVersion = 16.0.28803.202
MinimumVisualStudioVersion = 10.0.40219.1
Project("{FAE04EC0-301F-11D3-BF4B-00C04F79EFBC}") = "WindowsFormsApp1", "WindowsFormsApp1\WindowsFormsApp1.csproj", "{60039388-8301-4633-8318-4C58665E5993}"
EndProject
Global
	GlobalSection(SolutionConfigurationPlatforms) = preSolution
		Debug|Any CPU = Debug|Any CPU
		Release|Any CPU = Release|Any CPU
	EndGlobalSection
	GlobalSection(ProjectConfigurationPlatforms) = postSolution
		{60039388-8301-4633-8318-4C58665E5993}.Debug|Any CPU.ActiveCfg = Debug|Any CPU
		{60039388-8301-4633-8318-4C58665E5993}.Debug|Any CPU.Build.0 = Debug|Any CPU
		{60039388-8301-4633-8318-4C58665E5993}.Release|Any CPU.ActiveCfg = Release|Any CPU
		{60039388-8301-4633-8318-4C58665E5993}.Release|Any CPU.Build.0 = Release|Any CPU
	EndGlobalSection
	GlobalSection(SolutionProperties) = preSolution
		HideSolutionNode = FALSE
	EndGlobalSection
	GlobalSection(ExtensibilityGlobals) = postSolution
		SolutionGuid = {A0AC6F00-5099-4887-8A79-648C77A4DDB1}
	EndGlobalSection
EndGlobal
